// !$*UTF8*$!
{
	archiveVersion = 1;
	classes = {
	};
	objectVersion = 46;
	objects = {

/* Begin PBXBuildFile section */
		AE33116FE28156059E2189AB /* libPods.a in Frameworks */ = {isa = PBXBuildFile; fileRef = 222D7AA0B36C141E6A25E493 /* libPods.a */; };
		C727FD9D1B22CA6300AF68A5 /* Song.m in Sources */ = {isa = PBXBuildFile; fileRef = C727FD9C1B22CA6300AF68A5 /* Song.m */; };
		C727FDA81B22E1AF00AF68A5 /* StreamingPlayer.m in Sources */ = {isa = PBXBuildFile; fileRef = C727FDA71B22E1AF00AF68A5 /* StreamingPlayer.m */; };
		C727FDAF1B240A9000AF68A5 /* SearchUsersVC.m in Sources */ = {isa = PBXBuildFile; fileRef = C727FDAE1B240A9000AF68A5 /* SearchUsersVC.m */; };
		C727FDB11B240EEC00AF68A5 /* QuartzCore.framework in Frameworks */ = {isa = PBXBuildFile; fileRef = C727FDB01B240EEC00AF68A5 /* QuartzCore.framework */; };
		C727FDB41B24188F00AF68A5 /* SongQueueCollectionVC.m in Sources */ = {isa = PBXBuildFile; fileRef = C727FDB31B24188F00AF68A5 /* SongQueueCollectionVC.m */; };
		C727FDBB1B25535B00AF68A5 /* NetworkUtilities.m in Sources */ = {isa = PBXBuildFile; fileRef = C727FDBA1B25535B00AF68A5 /* NetworkUtilities.m */; };
		C72FA25F1B1C149D00BCBE19 /* main.m in Sources */ = {isa = PBXBuildFile; fileRef = C72FA25E1B1C149D00BCBE19 /* main.m */; };
		C72FA2621B1C149D00BCBE19 /* AppDelegate.m in Sources */ = {isa = PBXBuildFile; fileRef = C72FA2611B1C149D00BCBE19 /* AppDelegate.m */; };
		C72FA2651B1C149D00BCBE19 /* Efemer.xcdatamodeld in Sources */ = {isa = PBXBuildFile; fileRef = C72FA2631B1C149D00BCBE19 /* Efemer.xcdatamodeld */; };
		C72FA2681B1C149D00BCBE19 /* ViewController.m in Sources */ = {isa = PBXBuildFile; fileRef = C72FA2671B1C149D00BCBE19 /* ViewController.m */; };
		C72FA26B1B1C149D00BCBE19 /* Main.storyboard in Resources */ = {isa = PBXBuildFile; fileRef = C72FA2691B1C149D00BCBE19 /* Main.storyboard */; };
		C72FA26D1B1C149D00BCBE19 /* Images.xcassets in Resources */ = {isa = PBXBuildFile; fileRef = C72FA26C1B1C149D00BCBE19 /* Images.xcassets */; };
		C72FA2701B1C149D00BCBE19 /* LaunchScreen.xib in Resources */ = {isa = PBXBuildFile; fileRef = C72FA26E1B1C149D00BCBE19 /* LaunchScreen.xib */; };
		C72FA27C1B1C149D00BCBE19 /* EfemerTests.m in Sources */ = {isa = PBXBuildFile; fileRef = C72FA27B1B1C149D00BCBE19 /* EfemerTests.m */; };
		C72FA2871B1C156C00BCBE19 /* LoginViewController.m in Sources */ = {isa = PBXBuildFile; fileRef = C72FA2861B1C156C00BCBE19 /* LoginViewController.m */; };
		C72FA28E1B1C17C100BCBE19 /* LoginViewModel.m in Sources */ = {isa = PBXBuildFile; fileRef = C72FA28D1B1C17C100BCBE19 /* LoginViewModel.m */; };
		C78A8CCC1B215A0D004EBF4D /* SearchCell.m in Sources */ = {isa = PBXBuildFile; fileRef = C78A8CCB1B215A0D004EBF4D /* SearchCell.m */; };
		C79FE4571B471F3A003DD88D /* Constants.m in Sources */ = {isa = PBXBuildFile; fileRef = C79FE4561B471F3A003DD88D /* Constants.m */; };
		C79FE45A1B4B9B61003DD88D /* User.m in Sources */ = {isa = PBXBuildFile; fileRef = C79FE4591B4B9B61003DD88D /* User.m */; };
		C79FE45D1B4B9B62003DD88D /* Followee.m in Sources */ = {isa = PBXBuildFile; fileRef = C79FE45C1B4B9B62003DD88D /* Followee.m */; };
		C79FE4601B4B9B62003DD88D /* SongsQueue.m in Sources */ = {isa = PBXBuildFile; fileRef = C79FE45F1B4B9B62003DD88D /* SongsQueue.m */; };
		C7B7B6D91B2AADFD00403609 /* SongQueueViewModel.m in Sources */ = {isa = PBXBuildFile; fileRef = C7B7B6D81B2AADFD00403609 /* SongQueueViewModel.m */; };
		C7B7B6DC1B2AAF7500403609 /* CurrentSongSwipeVC.m in Sources */ = {isa = PBXBuildFile; fileRef = C7B7B6DB1B2AAF7500403609 /* CurrentSongSwipeVC.m */; };
		C7D52C0E1B1ED10C00657D55 /* SearchBarVC.m in Sources */ = {isa = PBXBuildFile; fileRef = C7D52C0D1B1ED10C00657D55 /* SearchBarVC.m */; };
		C7D52C121B1ED4C000657D55 /* SearchBarViewModel.m in Sources */ = {isa = PBXBuildFile; fileRef = C7D52C111B1ED4C000657D55 /* SearchBarViewModel.m */; };
		C7DCE1351B4E50C50021D1D1 /* SearchUsersViewModel.m in Sources */ = {isa = PBXBuildFile; fileRef = C7DCE1341B4E50C50021D1D1 /* SearchUsersViewModel.m */; };
		C7F480001B51A25700010772 /* UserSearch.m in Sources */ = {isa = PBXBuildFile; fileRef = C7F47FFF1B51A25700010772 /* UserSearch.m */; };
		C7F480041B51C4FF00010772 /* FollowersMR.m in Sources */ = {isa = PBXBuildFile; fileRef = C7F480031B51C4FF00010772 /* FollowersMR.m */; };
		C7F480071B51D25300010772 /* FirebaseHelper.m in Sources */ = {isa = PBXBuildFile; fileRef = C7F480061B51D25300010772 /* FirebaseHelper.m */; };
		C7F4DCB11B4FA3D700A2BEBF /* FollowersFirebase.m in Sources */ = {isa = PBXBuildFile; fileRef = C7F4DCB01B4FA3D700A2BEBF /* FollowersFirebase.m */; };
		C7F523351B3A876800C40672 /* LoginSuccess.m in Sources */ = {isa = PBXBuildFile; fileRef = C7F523341B3A876800C40672 /* LoginSuccess.m */; };
		C7F523381B3BD63300C40672 /* FirstLoginUser.m in Sources */ = {isa = PBXBuildFile; fileRef = C7F523371B3BD63300C40672 /* FirstLoginUser.m */; };
		C7F523441B44401200C40672 /* PlayerQueue.m in Sources */ = {isa = PBXBuildFile; fileRef = C7F523431B44401200C40672 /* PlayerQueue.m */; };
/* End PBXBuildFile section */

/* Begin PBXContainerItemProxy section */
		C72FA2761B1C149D00BCBE19 /* PBXContainerItemProxy */ = {
			isa = PBXContainerItemProxy;
			containerPortal = C72FA2511B1C149D00BCBE19 /* Project object */;
			proxyType = 1;
			remoteGlobalIDString = C72FA2581B1C149D00BCBE19;
			remoteInfo = Efemer;
		};
/* End PBXContainerItemProxy section */

/* Begin PBXFileReference section */
		222D7AA0B36C141E6A25E493 /* libPods.a */ = {isa = PBXFileReference; explicitFileType = archive.ar; includeInIndex = 0; path = libPods.a; sourceTree = BUILT_PRODUCTS_DIR; };
		42176A70E44ED983B1884D5D /* Pods.release.xcconfig */ = {isa = PBXFileReference; includeInIndex = 1; lastKnownFileType = text.xcconfig; name = Pods.release.xcconfig; path = "Pods/Target Support Files/Pods/Pods.release.xcconfig"; sourceTree = "<group>"; };
		8F92E34B593FD258087A439E /* Pods.debug.xcconfig */ = {isa = PBXFileReference; includeInIndex = 1; lastKnownFileType = text.xcconfig; name = Pods.debug.xcconfig; path = "Pods/Target Support Files/Pods/Pods.debug.xcconfig"; sourceTree = "<group>"; };
		C727FD9B1B22CA6300AF68A5 /* Song.h */ = {isa = PBXFileReference; fileEncoding = 4; lastKnownFileType = sourcecode.c.h; path = Song.h; sourceTree = "<group>"; };
		C727FD9C1B22CA6300AF68A5 /* Song.m */ = {isa = PBXFileReference; fileEncoding = 4; lastKnownFileType = sourcecode.c.objc; path = Song.m; sourceTree = "<group>"; };
		C727FDA61B22E1AF00AF68A5 /* StreamingPlayer.h */ = {isa = PBXFileReference; fileEncoding = 4; lastKnownFileType = sourcecode.c.h; path = StreamingPlayer.h; sourceTree = "<group>"; };
		C727FDA71B22E1AF00AF68A5 /* StreamingPlayer.m */ = {isa = PBXFileReference; fileEncoding = 4; lastKnownFileType = sourcecode.c.objc; path = StreamingPlayer.m; sourceTree = "<group>"; };
		C727FDAD1B240A9000AF68A5 /* SearchUsersVC.h */ = {isa = PBXFileReference; fileEncoding = 4; lastKnownFileType = sourcecode.c.h; path = SearchUsersVC.h; sourceTree = "<group>"; };
		C727FDAE1B240A9000AF68A5 /* SearchUsersVC.m */ = {isa = PBXFileReference; fileEncoding = 4; lastKnownFileType = sourcecode.c.objc; path = SearchUsersVC.m; sourceTree = "<group>"; };
		C727FDB01B240EEC00AF68A5 /* QuartzCore.framework */ = {isa = PBXFileReference; lastKnownFileType = wrapper.framework; name = QuartzCore.framework; path = System/Library/Frameworks/QuartzCore.framework; sourceTree = SDKROOT; };
		C727FDB21B24188F00AF68A5 /* SongQueueCollectionVC.h */ = {isa = PBXFileReference; fileEncoding = 4; lastKnownFileType = sourcecode.c.h; path = SongQueueCollectionVC.h; sourceTree = "<group>"; };
		C727FDB31B24188F00AF68A5 /* SongQueueCollectionVC.m */ = {isa = PBXFileReference; fileEncoding = 4; lastKnownFileType = sourcecode.c.objc; path = SongQueueCollectionVC.m; sourceTree = "<group>"; };
		C727FDB91B25535B00AF68A5 /* NetworkUtilities.h */ = {isa = PBXFileReference; fileEncoding = 4; lastKnownFileType = sourcecode.c.h; path = NetworkUtilities.h; sourceTree = "<group>"; };
		C727FDBA1B25535B00AF68A5 /* NetworkUtilities.m */ = {isa = PBXFileReference; fileEncoding = 4; lastKnownFileType = sourcecode.c.objc; path = NetworkUtilities.m; sourceTree = "<group>"; };
		C72FA2591B1C149D00BCBE19 /* Beatport.app */ = {isa = PBXFileReference; explicitFileType = wrapper.application; includeInIndex = 0; path = Beatport.app; sourceTree = BUILT_PRODUCTS_DIR; };
		C72FA25D1B1C149D00BCBE19 /* Info.plist */ = {isa = PBXFileReference; lastKnownFileType = text.plist.xml; path = Info.plist; sourceTree = "<group>"; };
		C72FA25E1B1C149D00BCBE19 /* main.m */ = {isa = PBXFileReference; lastKnownFileType = sourcecode.c.objc; path = main.m; sourceTree = "<group>"; };
		C72FA2601B1C149D00BCBE19 /* AppDelegate.h */ = {isa = PBXFileReference; lastKnownFileType = sourcecode.c.h; path = AppDelegate.h; sourceTree = "<group>"; };
		C72FA2611B1C149D00BCBE19 /* AppDelegate.m */ = {isa = PBXFileReference; lastKnownFileType = sourcecode.c.objc; path = AppDelegate.m; sourceTree = "<group>"; };
		C72FA2641B1C149D00BCBE19 /* Efemer.xcdatamodel */ = {isa = PBXFileReference; lastKnownFileType = wrapper.xcdatamodel; path = Efemer.xcdatamodel; sourceTree = "<group>"; };
		C72FA2661B1C149D00BCBE19 /* ViewController.h */ = {isa = PBXFileReference; lastKnownFileType = sourcecode.c.h; path = ViewController.h; sourceTree = "<group>"; };
		C72FA2671B1C149D00BCBE19 /* ViewController.m */ = {isa = PBXFileReference; lastKnownFileType = sourcecode.c.objc; path = ViewController.m; sourceTree = "<group>"; };
		C72FA26A1B1C149D00BCBE19 /* Base */ = {isa = PBXFileReference; lastKnownFileType = file.storyboard; name = Base; path = Base.lproj/Main.storyboard; sourceTree = "<group>"; };
		C72FA26C1B1C149D00BCBE19 /* Images.xcassets */ = {isa = PBXFileReference; lastKnownFileType = folder.assetcatalog; path = Images.xcassets; sourceTree = "<group>"; };
		C72FA26F1B1C149D00BCBE19 /* Base */ = {isa = PBXFileReference; lastKnownFileType = file.xib; name = Base; path = Base.lproj/LaunchScreen.xib; sourceTree = "<group>"; };
		C72FA2751B1C149D00BCBE19 /* BeatportTests.xctest */ = {isa = PBXFileReference; explicitFileType = wrapper.cfbundle; includeInIndex = 0; path = BeatportTests.xctest; sourceTree = BUILT_PRODUCTS_DIR; };
		C72FA27A1B1C149D00BCBE19 /* Info.plist */ = {isa = PBXFileReference; lastKnownFileType = text.plist.xml; path = Info.plist; sourceTree = "<group>"; };
		C72FA27B1B1C149D00BCBE19 /* EfemerTests.m */ = {isa = PBXFileReference; lastKnownFileType = sourcecode.c.objc; path = EfemerTests.m; sourceTree = "<group>"; };
		C72FA2851B1C156C00BCBE19 /* LoginViewController.h */ = {isa = PBXFileReference; fileEncoding = 4; lastKnownFileType = sourcecode.c.h; path = LoginViewController.h; sourceTree = "<group>"; };
		C72FA2861B1C156C00BCBE19 /* LoginViewController.m */ = {isa = PBXFileReference; fileEncoding = 4; lastKnownFileType = sourcecode.c.objc; path = LoginViewController.m; sourceTree = "<group>"; };
		C72FA28C1B1C17C100BCBE19 /* LoginViewModel.h */ = {isa = PBXFileReference; fileEncoding = 4; lastKnownFileType = sourcecode.c.h; path = LoginViewModel.h; sourceTree = "<group>"; };
		C72FA28D1B1C17C100BCBE19 /* LoginViewModel.m */ = {isa = PBXFileReference; fileEncoding = 4; lastKnownFileType = sourcecode.c.objc; path = LoginViewModel.m; sourceTree = "<group>"; };
		C78A8CCA1B215A0D004EBF4D /* SearchCell.h */ = {isa = PBXFileReference; fileEncoding = 4; lastKnownFileType = sourcecode.c.h; path = SearchCell.h; sourceTree = "<group>"; };
		C78A8CCB1B215A0D004EBF4D /* SearchCell.m */ = {isa = PBXFileReference; fileEncoding = 4; lastKnownFileType = sourcecode.c.objc; path = SearchCell.m; sourceTree = "<group>"; };
		C79FE4551B471F39003DD88D /* Constants.h */ = {isa = PBXFileReference; fileEncoding = 4; lastKnownFileType = sourcecode.c.h; path = Constants.h; sourceTree = "<group>"; };
		C79FE4561B471F3A003DD88D /* Constants.m */ = {isa = PBXFileReference; fileEncoding = 4; lastKnownFileType = sourcecode.c.objc; path = Constants.m; sourceTree = "<group>"; };
		C79FE4581B4B9B61003DD88D /* User.h */ = {isa = PBXFileReference; fileEncoding = 4; lastKnownFileType = sourcecode.c.h; path = User.h; sourceTree = "<group>"; };
		C79FE4591B4B9B61003DD88D /* User.m */ = {isa = PBXFileReference; fileEncoding = 4; lastKnownFileType = sourcecode.c.objc; path = User.m; sourceTree = "<group>"; };
		C79FE45B1B4B9B62003DD88D /* Followee.h */ = {isa = PBXFileReference; fileEncoding = 4; lastKnownFileType = sourcecode.c.h; path = Followee.h; sourceTree = "<group>"; };
		C79FE45C1B4B9B62003DD88D /* Followee.m */ = {isa = PBXFileReference; fileEncoding = 4; lastKnownFileType = sourcecode.c.objc; path = Followee.m; sourceTree = "<group>"; };
		C79FE45E1B4B9B62003DD88D /* SongsQueue.h */ = {isa = PBXFileReference; fileEncoding = 4; lastKnownFileType = sourcecode.c.h; path = SongsQueue.h; sourceTree = "<group>"; };
		C79FE45F1B4B9B62003DD88D /* SongsQueue.m */ = {isa = PBXFileReference; fileEncoding = 4; lastKnownFileType = sourcecode.c.objc; path = SongsQueue.m; sourceTree = "<group>"; };
		C79FE4611B4B9BEE003DD88D /* CoreData.framework */ = {isa = PBXFileReference; lastKnownFileType = wrapper.framework; name = CoreData.framework; path = System/Library/Frameworks/CoreData.framework; sourceTree = SDKROOT; };
		C7B7B6D71B2AADFD00403609 /* SongQueueViewModel.h */ = {isa = PBXFileReference; fileEncoding = 4; lastKnownFileType = sourcecode.c.h; path = SongQueueViewModel.h; sourceTree = "<group>"; };
		C7B7B6D81B2AADFD00403609 /* SongQueueViewModel.m */ = {isa = PBXFileReference; fileEncoding = 4; lastKnownFileType = sourcecode.c.objc; path = SongQueueViewModel.m; sourceTree = "<group>"; };
		C7B7B6DA1B2AAF7500403609 /* CurrentSongSwipeVC.h */ = {isa = PBXFileReference; fileEncoding = 4; lastKnownFileType = sourcecode.c.h; path = CurrentSongSwipeVC.h; sourceTree = "<group>"; };
		C7B7B6DB1B2AAF7500403609 /* CurrentSongSwipeVC.m */ = {isa = PBXFileReference; fileEncoding = 4; lastKnownFileType = sourcecode.c.objc; path = CurrentSongSwipeVC.m; sourceTree = "<group>"; };
		C7D359071B2CBA8A006096DA /* Fabric.framework */ = {isa = PBXFileReference; lastKnownFileType = wrapper.framework; path = Fabric.framework; sourceTree = "<group>"; };
		C7D359081B2CBA8A006096DA /* Crashlytics.framework */ = {isa = PBXFileReference; lastKnownFileType = wrapper.framework; path = Crashlytics.framework; sourceTree = "<group>"; };
		C7D52C0C1B1ED10C00657D55 /* SearchBarVC.h */ = {isa = PBXFileReference; fileEncoding = 4; lastKnownFileType = sourcecode.c.h; path = SearchBarVC.h; sourceTree = "<group>"; };
		C7D52C0D1B1ED10C00657D55 /* SearchBarVC.m */ = {isa = PBXFileReference; fileEncoding = 4; lastKnownFileType = sourcecode.c.objc; path = SearchBarVC.m; sourceTree = "<group>"; };
		C7D52C101B1ED4C000657D55 /* SearchBarViewModel.h */ = {isa = PBXFileReference; fileEncoding = 4; lastKnownFileType = sourcecode.c.h; path = SearchBarViewModel.h; sourceTree = "<group>"; };
		C7D52C111B1ED4C000657D55 /* SearchBarViewModel.m */ = {isa = PBXFileReference; fileEncoding = 4; lastKnownFileType = sourcecode.c.objc; path = SearchBarViewModel.m; sourceTree = "<group>"; };
		C7DCE1331B4E50C50021D1D1 /* SearchUsersViewModel.h */ = {isa = PBXFileReference; fileEncoding = 4; lastKnownFileType = sourcecode.c.h; path = SearchUsersViewModel.h; sourceTree = "<group>"; };
		C7DCE1341B4E50C50021D1D1 /* SearchUsersViewModel.m */ = {isa = PBXFileReference; fileEncoding = 4; lastKnownFileType = sourcecode.c.objc; path = SearchUsersViewModel.m; sourceTree = "<group>"; };
		C7F47FFE1B51A25700010772 /* UserSearch.h */ = {isa = PBXFileReference; fileEncoding = 4; lastKnownFileType = sourcecode.c.h; path = UserSearch.h; sourceTree = "<group>"; };
		C7F47FFF1B51A25700010772 /* UserSearch.m */ = {isa = PBXFileReference; fileEncoding = 4; lastKnownFileType = sourcecode.c.objc; path = UserSearch.m; sourceTree = "<group>"; };
		C7F480021B51C4FF00010772 /* FollowersMR.h */ = {isa = PBXFileReference; fileEncoding = 4; lastKnownFileType = sourcecode.c.h; path = FollowersMR.h; sourceTree = "<group>"; };
		C7F480031B51C4FF00010772 /* FollowersMR.m */ = {isa = PBXFileReference; fileEncoding = 4; lastKnownFileType = sourcecode.c.objc; path = FollowersMR.m; sourceTree = "<group>"; };
		C7F480051B51D25300010772 /* FirebaseHelper.h */ = {isa = PBXFileReference; fileEncoding = 4; lastKnownFileType = sourcecode.c.h; path = FirebaseHelper.h; sourceTree = "<group>"; };
		C7F480061B51D25300010772 /* FirebaseHelper.m */ = {isa = PBXFileReference; fileEncoding = 4; lastKnownFileType = sourcecode.c.objc; path = FirebaseHelper.m; sourceTree = "<group>"; };
		C7F4DCAF1B4FA3D700A2BEBF /* FollowersFirebase.h */ = {isa = PBXFileReference; fileEncoding = 4; lastKnownFileType = sourcecode.c.h; path = FollowersFirebase.h; sourceTree = "<group>"; };
		C7F4DCB01B4FA3D700A2BEBF /* FollowersFirebase.m */ = {isa = PBXFileReference; fileEncoding = 4; lastKnownFileType = sourcecode.c.objc; path = FollowersFirebase.m; sourceTree = "<group>"; };
		C7F523331B3A876800C40672 /* LoginSuccess.h */ = {isa = PBXFileReference; fileEncoding = 4; lastKnownFileType = sourcecode.c.h; path = LoginSuccess.h; sourceTree = "<group>"; };
		C7F523341B3A876800C40672 /* LoginSuccess.m */ = {isa = PBXFileReference; fileEncoding = 4; lastKnownFileType = sourcecode.c.objc; path = LoginSuccess.m; sourceTree = "<group>"; };
		C7F523361B3BD63300C40672 /* FirstLoginUser.h */ = {isa = PBXFileReference; fileEncoding = 4; lastKnownFileType = sourcecode.c.h; path = FirstLoginUser.h; sourceTree = "<group>"; };
		C7F523371B3BD63300C40672 /* FirstLoginUser.m */ = {isa = PBXFileReference; fileEncoding = 4; lastKnownFileType = sourcecode.c.objc; path = FirstLoginUser.m; sourceTree = "<group>"; };
		C7F523421B44401200C40672 /* PlayerQueue.h */ = {isa = PBXFileReference; fileEncoding = 4; lastKnownFileType = sourcecode.c.h; path = PlayerQueue.h; sourceTree = "<group>"; };
		C7F523431B44401200C40672 /* PlayerQueue.m */ = {isa = PBXFileReference; fileEncoding = 4; lastKnownFileType = sourcecode.c.objc; path = PlayerQueue.m; sourceTree = "<group>"; };
/* End PBXFileReference section */

/* Begin PBXFrameworksBuildPhase section */
		C72FA2561B1C149D00BCBE19 /* Frameworks */ = {
			isa = PBXFrameworksBuildPhase;
			buildActionMask = 2147483647;
			files = (
				AE33116FE28156059E2189AB /* libPods.a in Frameworks */,
			);
			runOnlyForDeploymentPostprocessing = 0;
		};
		C72FA2721B1C149D00BCBE19 /* Frameworks */ = {
			isa = PBXFrameworksBuildPhase;
			buildActionMask = 2147483647;
			files = (
				C727FDB11B240EEC00AF68A5 /* QuartzCore.framework in Frameworks */,
			);
			runOnlyForDeploymentPostprocessing = 0;
		};
/* End PBXFrameworksBuildPhase section */

/* Begin PBXGroup section */
		7C2C1400ADDF2D4073492613 /* Pods */ = {
			isa = PBXGroup;
			children = (
				8F92E34B593FD258087A439E /* Pods.debug.xcconfig */,
				42176A70E44ED983B1884D5D /* Pods.release.xcconfig */,
			);
			name = Pods;
			sourceTree = "<group>";
		};
		C62774CF95663BCB4CA8BD0D /* Frameworks */ = {
			isa = PBXGroup;
			children = (
				C79FE4611B4B9BEE003DD88D /* CoreData.framework */,
				C7D359071B2CBA8A006096DA /* Fabric.framework */,
				C7D359081B2CBA8A006096DA /* Crashlytics.framework */,
				C727FDB01B240EEC00AF68A5 /* QuartzCore.framework */,
				222D7AA0B36C141E6A25E493 /* libPods.a */,
			);
			name = Frameworks;
			sourceTree = "<group>";
		};
		C727FD9E1B22CA6A00AF68A5 /* Models */ = {
			isa = PBXGroup;
			children = (
				C7F480081B51D9B500010772 /* NSManagedObject */,
				C727FD9B1B22CA6300AF68A5 /* Song.h */,
				C727FD9C1B22CA6300AF68A5 /* Song.m */,
				C7F523331B3A876800C40672 /* LoginSuccess.h */,
				C7F523341B3A876800C40672 /* LoginSuccess.m */,
				C7F523361B3BD63300C40672 /* FirstLoginUser.h */,
				C7F523371B3BD63300C40672 /* FirstLoginUser.m */,
				C7F47FFE1B51A25700010772 /* UserSearch.h */,
				C7F47FFF1B51A25700010772 /* UserSearch.m */,
			);
			name = Models;
			sourceTree = "<group>";
		};
		C727FDA51B22E17700AF68A5 /* Player */ = {
			isa = PBXGroup;
			children = (
				C727FDA61B22E1AF00AF68A5 /* StreamingPlayer.h */,
				C727FDA71B22E1AF00AF68A5 /* StreamingPlayer.m */,
			);
			name = Player;
			sourceTree = "<group>";
		};
		C727FDB51B2545DE00AF68A5 /* SearchUsersVC */ = {
			isa = PBXGroup;
			children = (
				C727FDAD1B240A9000AF68A5 /* SearchUsersVC.h */,
				C727FDAE1B240A9000AF68A5 /* SearchUsersVC.m */,
				C7DCE1331B4E50C50021D1D1 /* SearchUsersViewModel.h */,
				C7DCE1341B4E50C50021D1D1 /* SearchUsersViewModel.m */,
			);
			name = SearchUsersVC;
			sourceTree = "<group>";
		};
		C727FDB61B2545F600AF68A5 /* DiscoverPlaylistVC */ = {
			isa = PBXGroup;
			children = (
				C727FDB31B24188F00AF68A5 /* SongQueueCollectionVC.m */,
				C727FDB21B24188F00AF68A5 /* SongQueueCollectionVC.h */,
				C7B7B6DA1B2AAF7500403609 /* CurrentSongSwipeVC.h */,
				C7B7B6DB1B2AAF7500403609 /* CurrentSongSwipeVC.m */,
				C7B7B6D71B2AADFD00403609 /* SongQueueViewModel.h */,
				C7B7B6D81B2AADFD00403609 /* SongQueueViewModel.m */,
			);
			name = DiscoverPlaylistVC;
			sourceTree = "<group>";
		};
		C727FDB71B2546F500AF68A5 /* Utilities */ = {
			isa = PBXGroup;
			children = (
				C7F480011B51C4CB00010772 /* FollowerLogic */,
				C7DCE1371B4E52820021D1D1 /* PlayerQueue */,
				C7DCE1361B4E52610021D1D1 /* CocoaLumberjack */,
				C727FDBC1B25552800AF68A5 /* NetworkUtilities */,
				C727FDA51B22E17700AF68A5 /* Player */,
			);
			name = Utilities;
			sourceTree = "<group>";
		};
		C727FDBC1B25552800AF68A5 /* NetworkUtilities */ = {
			isa = PBXGroup;
			children = (
				C727FDB91B25535B00AF68A5 /* NetworkUtilities.h */,
				C727FDBA1B25535B00AF68A5 /* NetworkUtilities.m */,
			);
			name = NetworkUtilities;
			sourceTree = "<group>";
		};
		C72FA2501B1C149D00BCBE19 = {
			isa = PBXGroup;
			children = (
				C72FA25B1B1C149D00BCBE19 /* Beatport */,
				C72FA2781B1C149D00BCBE19 /* EfemerTests */,
				C72FA25A1B1C149D00BCBE19 /* Products */,
				7C2C1400ADDF2D4073492613 /* Pods */,
				C62774CF95663BCB4CA8BD0D /* Frameworks */,
			);
			sourceTree = "<group>";
		};
		C72FA25A1B1C149D00BCBE19 /* Products */ = {
			isa = PBXGroup;
			children = (
				C72FA2591B1C149D00BCBE19 /* Beatport.app */,
				C72FA2751B1C149D00BCBE19 /* BeatportTests.xctest */,
			);
			name = Products;
			sourceTree = "<group>";
		};
		C72FA25B1B1C149D00BCBE19 /* Beatport */ = {
			isa = PBXGroup;
			children = (
				C7F523321B37CD2F00C40672 /* App Delegates */,
				C727FD9E1B22CA6A00AF68A5 /* Models */,
				C7B7B6D61B2AAD6C00403609 /* View Controllers */,
				C727FDB71B2546F500AF68A5 /* Utilities */,
				C72FA2671B1C149D00BCBE19 /* ViewController.m */,
				C72FA2661B1C149D00BCBE19 /* ViewController.h */,
				C72FA2691B1C149D00BCBE19 /* Main.storyboard */,
				C72FA26C1B1C149D00BCBE19 /* Images.xcassets */,
				C72FA26E1B1C149D00BCBE19 /* LaunchScreen.xib */,
				C72FA2631B1C149D00BCBE19 /* Efemer.xcdatamodeld */,
				C72FA25C1B1C149D00BCBE19 /* Supporting Files */,
			);
			name = Beatport;
			path = Efemer;
			sourceTree = "<group>";
		};
		C72FA25C1B1C149D00BCBE19 /* Supporting Files */ = {
			isa = PBXGroup;
			children = (
				C72FA25D1B1C149D00BCBE19 /* Info.plist */,
				C72FA25E1B1C149D00BCBE19 /* main.m */,
			);
			name = "Supporting Files";
			sourceTree = "<group>";
		};
		C72FA2781B1C149D00BCBE19 /* EfemerTests */ = {
			isa = PBXGroup;
			children = (
				C72FA27B1B1C149D00BCBE19 /* EfemerTests.m */,
				C72FA2791B1C149D00BCBE19 /* Supporting Files */,
			);
			path = EfemerTests;
			sourceTree = "<group>";
		};
		C72FA2791B1C149D00BCBE19 /* Supporting Files */ = {
			isa = PBXGroup;
			children = (
				C72FA27A1B1C149D00BCBE19 /* Info.plist */,
			);
			name = "Supporting Files";
			sourceTree = "<group>";
		};
		C72FA2881B1C157300BCBE19 /* LoginVC */ = {
			isa = PBXGroup;
			children = (
				C72FA2851B1C156C00BCBE19 /* LoginViewController.h */,
				C72FA2861B1C156C00BCBE19 /* LoginViewController.m */,
				C72FA28C1B1C17C100BCBE19 /* LoginViewModel.h */,
				C72FA28D1B1C17C100BCBE19 /* LoginViewModel.m */,
			);
			name = LoginVC;
			sourceTree = "<group>";
		};
		C7B7B6D61B2AAD6C00403609 /* View Controllers */ = {
			isa = PBXGroup;
			children = (
				C727FDB61B2545F600AF68A5 /* DiscoverPlaylistVC */,
				C727FDB51B2545DE00AF68A5 /* SearchUsersVC */,
				C7D52C0F1B1ED11400657D55 /* SearchBarVC */,
				C72FA2881B1C157300BCBE19 /* LoginVC */,
			);
			name = "View Controllers";
			sourceTree = "<group>";
		};
		C7D52C0F1B1ED11400657D55 /* SearchBarVC */ = {
			isa = PBXGroup;
			children = (
				C7D52C0C1B1ED10C00657D55 /* SearchBarVC.h */,
				C7D52C0D1B1ED10C00657D55 /* SearchBarVC.m */,
				C7D52C101B1ED4C000657D55 /* SearchBarViewModel.h */,
				C7D52C111B1ED4C000657D55 /* SearchBarViewModel.m */,
				C78A8CCA1B215A0D004EBF4D /* SearchCell.h */,
				C78A8CCB1B215A0D004EBF4D /* SearchCell.m */,
			);
			name = SearchBarVC;
			sourceTree = "<group>";
		};
		C7DCE1361B4E52610021D1D1 /* CocoaLumberjack */ = {
			isa = PBXGroup;
			children = (
				C79FE4551B471F39003DD88D /* Constants.h */,
				C79FE4561B471F3A003DD88D /* Constants.m */,
			);
			name = CocoaLumberjack;
			sourceTree = "<group>";
		};
		C7DCE1371B4E52820021D1D1 /* PlayerQueue */ = {
			isa = PBXGroup;
			children = (
				C7F523421B44401200C40672 /* PlayerQueue.h */,
				C7F523431B44401200C40672 /* PlayerQueue.m */,
			);
			name = PlayerQueue;
			sourceTree = "<group>";
		};
		C7F480011B51C4CB00010772 /* FollowerLogic */ = {
			isa = PBXGroup;
			children = (
				C7F4DCAF1B4FA3D700A2BEBF /* FollowersFirebase.h */,
				C7F4DCB01B4FA3D700A2BEBF /* FollowersFirebase.m */,
				C7F480021B51C4FF00010772 /* FollowersMR.h */,
				C7F480031B51C4FF00010772 /* FollowersMR.m */,
				C7F480051B51D25300010772 /* FirebaseHelper.h */,
				C7F480061B51D25300010772 /* FirebaseHelper.m */,
			);
			name = FollowerLogic;
			sourceTree = "<group>";
		};
		C7F480081B51D9B500010772 /* NSManagedObject */ = {
			isa = PBXGroup;
			children = (
				C79FE45B1B4B9B62003DD88D /* Followee.h */,
				C79FE45C1B4B9B62003DD88D /* Followee.m */,
				C79FE45E1B4B9B62003DD88D /* SongsQueue.h */,
				C79FE45F1B4B9B62003DD88D /* SongsQueue.m */,
				C79FE4581B4B9B61003DD88D /* User.h */,
				C79FE4591B4B9B61003DD88D /* User.m */,
			);
			name = NSManagedObject;
			sourceTree = "<group>";
		};
		C7F523321B37CD2F00C40672 /* App Delegates */ = {
			isa = PBXGroup;
			children = (
				C72FA2601B1C149D00BCBE19 /* AppDelegate.h */,
				C72FA2611B1C149D00BCBE19 /* AppDelegate.m */,
			);
			name = "App Delegates";
			sourceTree = "<group>";
		};
/* End PBXGroup section */

/* Begin PBXNativeTarget section */
		C72FA2581B1C149D00BCBE19 /* Beatport */ = {
			isa = PBXNativeTarget;
			buildConfigurationList = C72FA27F1B1C149D00BCBE19 /* Build configuration list for PBXNativeTarget "Beatport" */;
			buildPhases = (
				84A43B35A174028422B011C2 /* Check Pods Manifest.lock */,
				C72FA2551B1C149D00BCBE19 /* Sources */,
				C72FA2561B1C149D00BCBE19 /* Frameworks */,
				C72FA2571B1C149D00BCBE19 /* Resources */,
				446013D682754A2A6B43DAB8 /* Copy Pods Resources */,
			);
			buildRules = (
			);
			dependencies = (
			);
			name = Beatport;
			productName = Efemer;
			productReference = C72FA2591B1C149D00BCBE19 /* Beatport.app */;
			productType = "com.apple.product-type.application";
		};
		C72FA2741B1C149D00BCBE19 /* BeatportTests */ = {
			isa = PBXNativeTarget;
			buildConfigurationList = C72FA2821B1C149D00BCBE19 /* Build configuration list for PBXNativeTarget "BeatportTests" */;
			buildPhases = (
				C72FA2711B1C149D00BCBE19 /* Sources */,
				C72FA2721B1C149D00BCBE19 /* Frameworks */,
				C72FA2731B1C149D00BCBE19 /* Resources */,
			);
			buildRules = (
			);
			dependencies = (
				C72FA2771B1C149D00BCBE19 /* PBXTargetDependency */,
			);
			name = BeatportTests;
			productName = EfemerTests;
			productReference = C72FA2751B1C149D00BCBE19 /* BeatportTests.xctest */;
			productType = "com.apple.product-type.bundle.unit-test";
		};
/* End PBXNativeTarget section */

/* Begin PBXProject section */
		C72FA2511B1C149D00BCBE19 /* Project object */ = {
			isa = PBXProject;
			attributes = {
				LastUpgradeCheck = 0640;
				ORGANIZATIONNAME = "Nikhil Sancheti";
				TargetAttributes = {
					C72FA2581B1C149D00BCBE19 = {
						CreatedOnToolsVersion = 6.4;
					};
					C72FA2741B1C149D00BCBE19 = {
						CreatedOnToolsVersion = 6.4;
						TestTargetID = C72FA2581B1C149D00BCBE19;
					};
				};
			};
			buildConfigurationList = C72FA2541B1C149D00BCBE19 /* Build configuration list for PBXProject "Beatport" */;
			compatibilityVersion = "Xcode 3.2";
			developmentRegion = English;
			hasScannedForEncodings = 0;
			knownRegions = (
				en,
				Base,
			);
			mainGroup = C72FA2501B1C149D00BCBE19;
			productRefGroup = C72FA25A1B1C149D00BCBE19 /* Products */;
			projectDirPath = "";
			projectRoot = "";
			targets = (
				C72FA2581B1C149D00BCBE19 /* Beatport */,
				C72FA2741B1C149D00BCBE19 /* BeatportTests */,
			);
		};
/* End PBXProject section */

/* Begin PBXResourcesBuildPhase section */
		C72FA2571B1C149D00BCBE19 /* Resources */ = {
			isa = PBXResourcesBuildPhase;
			buildActionMask = 2147483647;
			files = (
				C72FA26B1B1C149D00BCBE19 /* Main.storyboard in Resources */,
				C72FA2701B1C149D00BCBE19 /* LaunchScreen.xib in Resources */,
				C72FA26D1B1C149D00BCBE19 /* Images.xcassets in Resources */,
			);
			runOnlyForDeploymentPostprocessing = 0;
		};
		C72FA2731B1C149D00BCBE19 /* Resources */ = {
			isa = PBXResourcesBuildPhase;
			buildActionMask = 2147483647;
			files = (
			);
			runOnlyForDeploymentPostprocessing = 0;
		};
/* End PBXResourcesBuildPhase section */

/* Begin PBXShellScriptBuildPhase section */
		446013D682754A2A6B43DAB8 /* Copy Pods Resources */ = {
			isa = PBXShellScriptBuildPhase;
			buildActionMask = 2147483647;
			files = (
			);
			inputPaths = (
			);
			name = "Copy Pods Resources";
			outputPaths = (
			);
			runOnlyForDeploymentPostprocessing = 0;
			shellPath = /bin/sh;
			shellScript = "\"${SRCROOT}/Pods/Target Support Files/Pods/Pods-resources.sh\"\n";
			showEnvVarsInLog = 0;
		};
		84A43B35A174028422B011C2 /* Check Pods Manifest.lock */ = {
			isa = PBXShellScriptBuildPhase;
			buildActionMask = 2147483647;
			files = (
			);
			inputPaths = (
			);
			name = "Check Pods Manifest.lock";
			outputPaths = (
			);
			runOnlyForDeploymentPostprocessing = 0;
			shellPath = /bin/sh;
			shellScript = "diff \"${PODS_ROOT}/../Podfile.lock\" \"${PODS_ROOT}/Manifest.lock\" > /dev/null\nif [[ $? != 0 ]] ; then\n    cat << EOM\nerror: The sandbox is not in sync with the Podfile.lock. Run 'pod install' or update your CocoaPods installation.\nEOM\n    exit 1\nfi\n";
			showEnvVarsInLog = 0;
		};
/* End PBXShellScriptBuildPhase section */

/* Begin PBXSourcesBuildPhase section */
		C72FA2551B1C149D00BCBE19 /* Sources */ = {
			isa = PBXSourcesBuildPhase;
			buildActionMask = 2147483647;
			files = (
				C79FE4601B4B9B62003DD88D /* SongsQueue.m in Sources */,
				C727FD9D1B22CA6300AF68A5 /* Song.m in Sources */,
				C727FDBB1B25535B00AF68A5 /* NetworkUtilities.m in Sources */,
				C72FA2621B1C149D00BCBE19 /* AppDelegate.m in Sources */,
				C7B7B6DC1B2AAF7500403609 /* CurrentSongSwipeVC.m in Sources */,
				C7F523351B3A876800C40672 /* LoginSuccess.m in Sources */,
				C72FA2651B1C149D00BCBE19 /* Efemer.xcdatamodeld in Sources */,
				C79FE45D1B4B9B62003DD88D /* Followee.m in Sources */,
				C7D52C0E1B1ED10C00657D55 /* SearchBarVC.m in Sources */,
				C727FDAF1B240A9000AF68A5 /* SearchUsersVC.m in Sources */,
				C79FE45A1B4B9B61003DD88D /* User.m in Sources */,
				C7B7B6D91B2AADFD00403609 /* SongQueueViewModel.m in Sources */,
				C727FDA81B22E1AF00AF68A5 /* StreamingPlayer.m in Sources */,
				C7DCE1351B4E50C50021D1D1 /* SearchUsersViewModel.m in Sources */,
				C7F523381B3BD63300C40672 /* FirstLoginUser.m in Sources */,
				C79FE4571B471F3A003DD88D /* Constants.m in Sources */,
				C78A8CCC1B215A0D004EBF4D /* SearchCell.m in Sources */,
				C7F480041B51C4FF00010772 /* FollowersMR.m in Sources */,
				C7F523441B44401200C40672 /* PlayerQueue.m in Sources */,
				C7F480001B51A25700010772 /* UserSearch.m in Sources */,
				C72FA28E1B1C17C100BCBE19 /* LoginViewModel.m in Sources */,
				C72FA2681B1C149D00BCBE19 /* ViewController.m in Sources */,
				C72FA25F1B1C149D00BCBE19 /* main.m in Sources */,
				C7D52C121B1ED4C000657D55 /* SearchBarViewModel.m in Sources */,
				C7F480071B51D25300010772 /* FirebaseHelper.m in Sources */,
				C7F4DCB11B4FA3D700A2BEBF /* FollowersFirebase.m in Sources */,
				C72FA2871B1C156C00BCBE19 /* LoginViewController.m in Sources */,
				C727FDB41B24188F00AF68A5 /* SongQueueCollectionVC.m in Sources */,
			);
			runOnlyForDeploymentPostprocessing = 0;
		};
		C72FA2711B1C149D00BCBE19 /* Sources */ = {
			isa = PBXSourcesBuildPhase;
			buildActionMask = 2147483647;
			files = (
				C72FA27C1B1C149D00BCBE19 /* EfemerTests.m in Sources */,
			);
			runOnlyForDeploymentPostprocessing = 0;
		};
/* End PBXSourcesBuildPhase section */

/* Begin PBXTargetDependency section */
		C72FA2771B1C149D00BCBE19 /* PBXTargetDependency */ = {
			isa = PBXTargetDependency;
			target = C72FA2581B1C149D00BCBE19 /* Beatport */;
			targetProxy = C72FA2761B1C149D00BCBE19 /* PBXContainerItemProxy */;
		};
/* End PBXTargetDependency section */

/* Begin PBXVariantGroup section */
		C72FA2691B1C149D00BCBE19 /* Main.storyboard */ = {
			isa = PBXVariantGroup;
			children = (
				C72FA26A1B1C149D00BCBE19 /* Base */,
			);
			name = Main.storyboard;
			sourceTree = "<group>";
		};
		C72FA26E1B1C149D00BCBE19 /* LaunchScreen.xib */ = {
			isa = PBXVariantGroup;
			children = (
				C72FA26F1B1C149D00BCBE19 /* Base */,
			);
			name = LaunchScreen.xib;
			sourceTree = "<group>";
		};
/* End PBXVariantGroup section */

/* Begin XCBuildConfiguration section */
		C72FA27D1B1C149D00BCBE19 /* Debug */ = {
			isa = XCBuildConfiguration;
			buildSettings = {
				ALWAYS_SEARCH_USER_PATHS = NO;
				CLANG_CXX_LANGUAGE_STANDARD = "gnu++0x";
				CLANG_CXX_LIBRARY = "libc++";
				CLANG_ENABLE_MODULES = YES;
				CLANG_ENABLE_OBJC_ARC = YES;
				CLANG_WARN_BOOL_CONVERSION = YES;
				CLANG_WARN_CONSTANT_CONVERSION = YES;
				CLANG_WARN_DIRECT_OBJC_ISA_USAGE = YES_ERROR;
				CLANG_WARN_EMPTY_BODY = YES;
				CLANG_WARN_ENUM_CONVERSION = YES;
				CLANG_WARN_INT_CONVERSION = YES;
				CLANG_WARN_OBJC_ROOT_CLASS = YES_ERROR;
				CLANG_WARN_UNREACHABLE_CODE = YES;
				CLANG_WARN__DUPLICATE_METHOD_MATCH = YES;
				"CODE_SIGN_IDENTITY[sdk=iphoneos*]" = "iPhone Developer";
				COPY_PHASE_STRIP = NO;
				DEBUG_INFORMATION_FORMAT = "dwarf-with-dsym";
				ENABLE_STRICT_OBJC_MSGSEND = YES;
				GCC_C_LANGUAGE_STANDARD = gnu99;
				GCC_DYNAMIC_NO_PIC = NO;
				GCC_NO_COMMON_BLOCKS = YES;
				GCC_OPTIMIZATION_LEVEL = 0;
				GCC_PREPROCESSOR_DEFINITIONS = (
					"DEBUG=1",
					"$(inherited)",
				);
				GCC_SYMBOLS_PRIVATE_EXTERN = NO;
				GCC_WARN_64_TO_32_BIT_CONVERSION = YES;
				GCC_WARN_ABOUT_RETURN_TYPE = YES_ERROR;
				GCC_WARN_UNDECLARED_SELECTOR = YES;
				GCC_WARN_UNINITIALIZED_AUTOS = YES_AGGRESSIVE;
				GCC_WARN_UNUSED_FUNCTION = YES;
				GCC_WARN_UNUSED_VARIABLE = YES;
				IPHONEOS_DEPLOYMENT_TARGET = 8.0;
				MTL_ENABLE_DEBUG_INFO = YES;
				ONLY_ACTIVE_ARCH = YES;
				SDKROOT = iphoneos;
				TARGETED_DEVICE_FAMILY = "1,2";
			};
			name = Debug;
		};
		C72FA27E1B1C149D00BCBE19 /* Release */ = {
			isa = XCBuildConfiguration;
			buildSettings = {
				ALWAYS_SEARCH_USER_PATHS = NO;
				CLANG_CXX_LANGUAGE_STANDARD = "gnu++0x";
				CLANG_CXX_LIBRARY = "libc++";
				CLANG_ENABLE_MODULES = YES;
				CLANG_ENABLE_OBJC_ARC = YES;
				CLANG_WARN_BOOL_CONVERSION = YES;
				CLANG_WARN_CONSTANT_CONVERSION = YES;
				CLANG_WARN_DIRECT_OBJC_ISA_USAGE = YES_ERROR;
				CLANG_WARN_EMPTY_BODY = YES;
				CLANG_WARN_ENUM_CONVERSION = YES;
				CLANG_WARN_INT_CONVERSION = YES;
				CLANG_WARN_OBJC_ROOT_CLASS = YES_ERROR;
				CLANG_WARN_UNREACHABLE_CODE = YES;
				CLANG_WARN__DUPLICATE_METHOD_MATCH = YES;
				"CODE_SIGN_IDENTITY[sdk=iphoneos*]" = "iPhone Developer";
				COPY_PHASE_STRIP = NO;
				DEBUG_INFORMATION_FORMAT = "dwarf-with-dsym";
				ENABLE_NS_ASSERTIONS = NO;
				ENABLE_STRICT_OBJC_MSGSEND = YES;
				GCC_C_LANGUAGE_STANDARD = gnu99;
				GCC_NO_COMMON_BLOCKS = YES;
				GCC_WARN_64_TO_32_BIT_CONVERSION = YES;
				GCC_WARN_ABOUT_RETURN_TYPE = YES_ERROR;
				GCC_WARN_UNDECLARED_SELECTOR = YES;
				GCC_WARN_UNINITIALIZED_AUTOS = YES_AGGRESSIVE;
				GCC_WARN_UNUSED_FUNCTION = YES;
				GCC_WARN_UNUSED_VARIABLE = YES;
				IPHONEOS_DEPLOYMENT_TARGET = 8.0;
				MTL_ENABLE_DEBUG_INFO = NO;
				SDKROOT = iphoneos;
				TARGETED_DEVICE_FAMILY = "1,2";
				VALIDATE_PRODUCT = YES;
			};
			name = Release;
		};
		C72FA2801B1C149D00BCBE19 /* Debug */ = {
			isa = XCBuildConfiguration;
			baseConfigurationReference = 8F92E34B593FD258087A439E /* Pods.debug.xcconfig */;
			buildSettings = {
				ASSETCATALOG_COMPILER_APPICON_NAME = AppIcon;
				FRAMEWORK_SEARCH_PATHS = (
					"$(inherited)",
					"$(PROJECT_DIR)",
				);
				GCC_PRECOMPILE_PREFIX_HEADER = NO;
				GCC_PREFIX_HEADER = "";
				INFOPLIST_FILE = Efemer/Info.plist;
				IPHONEOS_DEPLOYMENT_TARGET = 8.0;
				LD_RUNPATH_SEARCH_PATHS = "$(inherited) @executable_path/Frameworks";
				PRODUCT_NAME = Beatport;
			};
			name = Debug;
		};
		C72FA2811B1C149D00BCBE19 /* Release */ = {
			isa = XCBuildConfiguration;
			baseConfigurationReference = 42176A70E44ED983B1884D5D /* Pods.release.xcconfig */;
			buildSettings = {
				ASSETCATALOG_COMPILER_APPICON_NAME = AppIcon;
				FRAMEWORK_SEARCH_PATHS = (
					"$(inherited)",
					"$(PROJECT_DIR)",
				);
				GCC_PRECOMPILE_PREFIX_HEADER = NO;
				GCC_PREFIX_HEADER = "";
				INFOPLIST_FILE = Efemer/Info.plist;
				IPHONEOS_DEPLOYMENT_TARGET = 8.0;
				LD_RUNPATH_SEARCH_PATHS = "$(inherited) @executable_path/Frameworks";
				PRODUCT_NAME = Beatport;
			};
			name = Release;
		};
		C72FA2831B1C149D00BCBE19 /* Debug */ = {
			isa = XCBuildConfiguration;
			buildSettings = {
				BUNDLE_LOADER = "$(TEST_HOST)";
				FRAMEWORK_SEARCH_PATHS = (
					"$(SDKROOT)/Developer/Library/Frameworks",
					"$(inherited)",
					"$(PROJECT_DIR)",
				);
				GCC_PREPROCESSOR_DEFINITIONS = (
					"DEBUG=1",
					"$(inherited)",
				);
				INFOPLIST_FILE = EfemerTests/Info.plist;
				LD_RUNPATH_SEARCH_PATHS = "$(inherited) @executable_path/Frameworks @loader_path/Frameworks";
				PRODUCT_NAME = BeatportTests;
				TEST_HOST = "$(BUILT_PRODUCTS_DIR)/Beatport.app/Beatport";
			};
			name = Debug;
		};
		C72FA2841B1C149D00BCBE19 /* Release */ = {
			isa = XCBuildConfiguration;
			buildSettings = {
				BUNDLE_LOADER = "$(TEST_HOST)";
				FRAMEWORK_SEARCH_PATHS = (
					"$(SDKROOT)/Developer/Library/Frameworks",
					"$(inherited)",
					"$(PROJECT_DIR)",
				);
				INFOPLIST_FILE = EfemerTests/Info.plist;
				LD_RUNPATH_SEARCH_PATHS = "$(inherited) @executable_path/Frameworks @loader_path/Frameworks";
				PRODUCT_NAME = BeatportTests;
				TEST_HOST = "$(BUILT_PRODUCTS_DIR)/Beatport.app/Beatport";
			};
			name = Release;
		};
/* End XCBuildConfiguration section */

/* Begin XCConfigurationList section */
		C72FA2541B1C149D00BCBE19 /* Build configuration list for PBXProject "Beatport" */ = {
			isa = XCConfigurationList;
			buildConfigurations = (
				C72FA27D1B1C149D00BCBE19 /* Debug */,
				C72FA27E1B1C149D00BCBE19 /* Release */,
			);
			defaultConfigurationIsVisible = 0;
			defaultConfigurationName = Release;
		};
		C72FA27F1B1C149D00BCBE19 /* Build configuration list for PBXNativeTarget "Beatport" */ = {
			isa = XCConfigurationList;
			buildConfigurations = (
				C72FA2801B1C149D00BCBE19 /* Debug */,
				C72FA2811B1C149D00BCBE19 /* Release */,
			);
			defaultConfigurationIsVisible = 0;
			defaultConfigurationName = Release;
		};
		C72FA2821B1C149D00BCBE19 /* Build configuration list for PBXNativeTarget "BeatportTests" */ = {
			isa = XCConfigurationList;
			buildConfigurations = (
				C72FA2831B1C149D00BCBE19 /* Debug */,
				C72FA2841B1C149D00BCBE19 /* Release */,
			);
			defaultConfigurationIsVisible = 0;
			defaultConfigurationName = Release;
		};
/* End XCConfigurationList section */

/* Begin XCVersionGroup section */
		C72FA2631B1C149D00BCBE19 /* Efemer.xcdatamodeld */ = {
			isa = XCVersionGroup;
			children = (
				C72FA2641B1C149D00BCBE19 /* Efemer.xcdatamodel */,
			);
			currentVersion = C72FA2641B1C149D00BCBE19 /* Efemer.xcdatamodel */;
			path = Efemer.xcdatamodeld;
			sourceTree = "<group>";
			versionGroupType = wrapper.xcdatamodel;
		};
/* End XCVersionGroup section */
	};
	rootObject = C72FA2511B1C149D00BCBE19 /* Project object */;
}
