PODS:
  - ReactiveCocoa (2.5):
    - ReactiveCocoa/UI (= 2.5)
  - ReactiveCocoa/Core (2.5):
    - ReactiveCocoa/no-arc
  - ReactiveCocoa/no-arc (2.5)
  - ReactiveCocoa/UI (2.5):
    - ReactiveCocoa/Core
  - StreamingKit (0.1.25)

DEPENDENCIES:
  - ReactiveCocoa
  - StreamingKit

SPEC CHECKSUMS:
  ReactiveCocoa: e2db045570aa97c695e7aa97c2bcab222ae51f4a
  StreamingKit: f00c054cfd0f59d88c8be7a2270e208302ce48c4

COCOAPODS: 0.37.2
